
Microsoft Visual Studio Solution File, Format Version 12.00
# Visual Studio Version 17
VisualStudioVersion = 17.9.34728.123
MinimumVisualStudioVersion = 10.0.40219.1
Project("{FAE04EC0-301F-11D3-BF4B-00C04F79EFBC}") = "PushPush", "PushPush.csproj", "{A8BABC45-1165-42D9-9B3C-5631A66236B7}"
EndProject
Project("{2150E333-8FDC-42A3-9474-1A3956D46DE8}") = "솔루션 항목", "솔루션 항목", "{2293E77C-FF49-4A5C-BC7D-F6E49D32BE76}"
	ProjectSection(SolutionItems) = preProject
		Define.cs = Define.cs
	EndProjectSection
EndProject
Global
	GlobalSection(SolutionConfigurationPlatforms) = preSolution
		Debug|Any CPU = Debug|Any CPU
		Release|Any CPU = Release|Any CPU
	EndGlobalSection
	GlobalSection(ProjectConfigurationPlatforms) = postSolution
		{A8BABC45-1165-42D9-9B3C-5631A66236B7}.Debug|Any CPU.ActiveCfg = Debug|Any CPU
		{A8BABC45-1165-42D9-9B3C-5631A66236B7}.Debug|Any CPU.Build.0 = Debug|Any CPU
		{A8BABC45-1165-42D9-9B3C-5631A66236B7}.Release|Any CPU.ActiveCfg = Release|Any CPU
		{A8BABC45-1165-42D9-9B3C-5631A66236B7}.Release|Any CPU.Build.0 = Release|Any CPU
	EndGlobalSection
	GlobalSection(SolutionProperties) = preSolution
		HideSolutionNode = FALSE
	EndGlobalSection
	GlobalSection(ExtensibilityGlobals) = postSolution
		SolutionGuid = {92BBC85D-9844-4C9A-BDB1-21F11FF2AAD1}
	EndGlobalSection
EndGlobal
